{
  "name": "InvestCryptoFund",
  "version": "1.0.0",
  "lockfileVersion": 1,
  "requires": true,
  "dependencies": {
    "async": {
      "version": "2.1.4",
      "resolved": "https://registry.npmjs.org/async/-/async-2.1.4.tgz",
      "integrity": "sha1-LSFgx3iAMuTdbL4lAvH5osj2zeQ=",
      "requires": {
        "lodash": "4.17.4"
      }
    },
    "bluebird": {
      "version": "3.5.0",
      "resolved": "https://registry.npmjs.org/bluebird/-/bluebird-3.5.0.tgz",
      "integrity": "sha1-eRQg1/VR7qKJdFOop3ZT+WYG1nw="
    },
    "bson": {
      "version": "1.0.4",
      "resolved": "https://registry.npmjs.org/bson/-/bson-1.0.4.tgz",
      "integrity": "sha1-k8ENOeqltYQVy8QFLz5T5WKwtyw="
    },
    "ccxt": {
      "version": "1.10.922",
      "resolved": "https://registry.npmjs.org/ccxt/-/ccxt-1.10.922.tgz",
      "integrity": "sha512-EkE1B9ITVe+J9CSrUrj6rggWUQJh7NLCOzLIzIidva167QxPAwBgAVIt0UTYpe9kxRhYG5mVgU/exBQ3hs6d8w==",
      "requires": {
        "crypto-js": "3.1.9-1",
        "fetch-ponyfill": "4.1.0",
        "qs": "6.5.1"
      }
    },
    "crypto-js": {
      "version": "3.1.9-1",
      "resolved": "https://registry.npmjs.org/crypto-js/-/crypto-js-3.1.9-1.tgz",
      "integrity": "sha1-/aGedh/Ad+Af+/3G6f38WeiAbNg="
    },
    "debug": {
      "version": "2.6.9",
      "resolved": "https://registry.npmjs.org/debug/-/debug-2.6.9.tgz",
      "integrity": "sha512-bC7ElrdJaJnPbAP+1EotYvqZsb3ecl5wi6Bfi6BJTUcNowp6cvspg0jXznRTKDjm/E7AdgFBVeAPVMNcKGsHMA==",
      "requires": {
        "ms": "2.0.0"
      }
    },
    "encoding": {
      "version": "0.1.12",
      "resolved": "https://registry.npmjs.org/encoding/-/encoding-0.1.12.tgz",
      "integrity": "sha1-U4tm8+5izRq1HsMjgp0flIDHS+s=",
      "requires": {
        "iconv-lite": "0.4.19"
      }
    },
    "fetch-ponyfill": {
      "version": "4.1.0",
      "resolved": "https://registry.npmjs.org/fetch-ponyfill/-/fetch-ponyfill-4.1.0.tgz",
      "integrity": "sha1-rjzl9zLGReq4fkroeTQUcJsjmJM=",
      "requires": {
        "node-fetch": "1.7.3"
      }
    },
    "iconv-lite": {
      "version": "0.4.19",
      "resolved": "https://registry.npmjs.org/iconv-lite/-/iconv-lite-0.4.19.tgz",
      "integrity": "sha512-oTZqweIP51xaGPI4uPa56/Pri/480R+mo7SeU+YETByQNhDG55ycFyNLIgta9vXhILrxXDmF7ZGhqZIcuN0gJQ=="
    },
    "is-stream": {
      "version": "1.1.0",
      "resolved": "https://registry.npmjs.org/is-stream/-/is-stream-1.1.0.tgz",
      "integrity": "sha1-EtSj3U5o4Lec6428hBc66A2RykQ="
    },
    "kareem": {
      "version": "2.0.2",
      "resolved": "https://registry.npmjs.org/kareem/-/kareem-2.0.2.tgz",
      "integrity": "sha512-rWKAGwHPFujnw+eOqmMZWTDgbuUrUXRWH9H1zfY49UmNRACgT6czqQujZHvn1g9NS9LozkYwlob6IpgoKsJcCA=="
    },
    "lodash": {
      "version": "4.17.4",
      "resolved": "https://registry.npmjs.org/lodash/-/lodash-4.17.4.tgz",
      "integrity": "sha1-eCA6TRwyiuHYbcpkYONptX9AVa4="
    },
    "lodash.get": {
      "version": "4.4.2",
      "resolved": "https://registry.npmjs.org/lodash.get/-/lodash.get-4.4.2.tgz",
      "integrity": "sha1-LRd/ZS+jHpObRDjVNBSZ36OCXpk="
    },
    "mongodb": {
      "version": "3.0.2",
      "resolved": "https://registry.npmjs.org/mongodb/-/mongodb-3.0.2.tgz",
      "integrity": "sha512-E50FmpSQchZAimn2uPIegoNoH9UQYR1yiGHtQPmmg8/Ekc97w6owHoqaBoz+assnd9V5LxMzmQ/VEWMsQMgZhQ==",
      "requires": {
        "mongodb-core": "3.0.2"
      }
    },
    "mongodb-core": {
      "version": "3.0.2",
      "resolved": "https://registry.npmjs.org/mongodb-core/-/mongodb-core-3.0.2.tgz",
      "integrity": "sha512-p1B0qwFQUw6C1OlFJnrOJp8KaX7MuGoogRbTaupRt0y+pPRkMllHWtE9V6i1CDtTvI3/3sy2sQwqWez7zuXEAA==",
      "requires": {
        "bson": "1.0.4",
        "require_optional": "1.0.1"
      }
    },
    "mongoose": {
      "version": "5.0.2",
      "resolved": "https://registry.npmjs.org/mongoose/-/mongoose-5.0.2.tgz",
      "integrity": "sha512-kISnFdgUpptzkzIZno+V0WMG2gsetK6C0qXM/m19ciCU/OAYG7sDkIWClU4OsHLjPfm+9HuUlmxx9g44X6p/xg==",
      "requires": {
        "async": "2.1.4",
        "bson": "1.0.4",
        "kareem": "2.0.2",
        "lodash.get": "4.4.2",
        "mongodb": "3.0.1",
        "mongoose-legacy-pluralize": "1.0.1",
        "mpath": "0.3.0",
        "mquery": "3.0.0",
        "ms": "2.0.0",
        "regexp-clone": "0.0.1",
        "sliced": "1.0.1"
      },
      "dependencies": {
        "mongodb": {
          "version": "3.0.1",
          "resolved": "https://registry.npmjs.org/mongodb/-/mongodb-3.0.1.tgz",
          "integrity": "sha1-J47oAGJX7CJ5hZSmJZVGgl1t4bI=",
          "requires": {
            "mongodb-core": "3.0.1"
          }
        },
        "mongodb-core": {
          "version": "3.0.1",
          "resolved": "https://registry.npmjs.org/mongodb-core/-/mongodb-core-3.0.1.tgz",
          "integrity": "sha1-/23Dbulv9ZaVPYCmhA1nMbyS7+0=",
          "requires": {
            "bson": "1.0.4",
            "require_optional": "1.0.1"
          }
        }
      }
    },
    "mongoose-legacy-pluralize": {
      "version": "1.0.1",
      "resolved": "https://registry.npmjs.org/mongoose-legacy-pluralize/-/mongoose-legacy-pluralize-1.0.1.tgz",
      "integrity": "sha512-X5/N3sNj1p+y7Bg1vouQdST1vkInEzNAwqVjfDpNrhnugih2p2rV7jLrrb71sbQUPMJPm0Hhe6rH5fQV1Ve4XQ=="
    },
    "mpath": {
      "version": "0.3.0",
      "resolved": "https://registry.npmjs.org/mpath/-/mpath-0.3.0.tgz",
      "integrity": "sha1-elj3iem1/TyUUgY0FXlg8mvV70Q="
    },
    "mquery": {
      "version": "3.0.0",
      "resolved": "https://registry.npmjs.org/mquery/-/mquery-3.0.0.tgz",
      "integrity": "sha512-WL1Lk8v4l8VFSSwN3yCzY9TXw+fKVYKn6f+w86TRzOLSE8k1yTgGaLBPUByJQi8VcLbOdnUneFV/y3Kv874pnQ==",
      "requires": {
        "bluebird": "3.5.0",
        "debug": "2.6.9",
        "regexp-clone": "0.0.1",
        "sliced": "0.0.5"
      },
      "dependencies": {
        "sliced": {
          "version": "0.0.5",
          "resolved": "https://registry.npmjs.org/sliced/-/sliced-0.0.5.tgz",
          "integrity": "sha1-XtwETKTrb3gW1Qui/GPiXY/kcH8="
        }
      }
    },
    "ms": {
      "version": "2.0.0",
      "resolved": "https://registry.npmjs.org/ms/-/ms-2.0.0.tgz",
      "integrity": "sha1-VgiurfwAvmwpAd9fmGF4jeDVl8g="
    },
    "node-fetch": {
      "version": "1.7.3",
      "resolved": "https://registry.npmjs.org/node-fetch/-/node-fetch-1.7.3.tgz",
      "integrity": "sha512-NhZ4CsKx7cYm2vSrBAr2PvFOe6sWDf0UYLRqA6svUYg7+/TSfVAu49jYC4BvQ4Sms9SZgdqGBgroqfDhJdTyKQ==",
      "requires": {
        "encoding": "0.1.12",
        "is-stream": "1.1.0"
      }
    },
    "qs": {
      "version": "6.5.1",
      "resolved": "https://registry.npmjs.org/qs/-/qs-6.5.1.tgz",
      "integrity": "sha512-eRzhrN1WSINYCDCbrz796z37LOe3m5tmW7RQf6oBntukAG1nmovJvhnwHHRMAfeoItc1m2Hk02WER2aQ/iqs+A=="
    },
    "regexp-clone": {
      "version": "0.0.1",
      "resolved": "https://registry.npmjs.org/regexp-clone/-/regexp-clone-0.0.1.tgz",
      "integrity": "sha1-p8LgmJH9vzj7sQ03b7cwA+aKxYk="
    },
    "require_optional": {
      "version": "1.0.1",
      "resolved": "https://registry.npmjs.org/require_optional/-/require_optional-1.0.1.tgz",
      "integrity": "sha512-qhM/y57enGWHAe3v/NcwML6a3/vfESLe/sGM2dII+gEO0BpKRUkWZow/tyloNqJyN6kXSl3RyyM8Ll5D/sJP8g==",
      "requires": {
        "resolve-from": "2.0.0",
        "semver": "5.5.0"
      }
    },
    "resolve-from": {
      "version": "2.0.0",
      "resolved": "https://registry.npmjs.org/resolve-from/-/resolve-from-2.0.0.tgz",
      "integrity": "sha1-lICrIOlP+h2egKgEx+oUdhGWa1c="
    },
    "semver": {
      "version": "5.5.0",
      "resolved": "https://registry.npmjs.org/semver/-/semver-5.5.0.tgz",
      "integrity": "sha512-4SJ3dm0WAwWy/NVeioZh5AntkdJoWKxHxcmyP622fOkgHa4z3R0TdBJICINyaSDE6uNwVc8gZr+ZinwZAH4xIA=="
    },
    "sliced": {
      "version": "1.0.1",
      "resolved": "https://registry.npmjs.org/sliced/-/sliced-1.0.1.tgz",
      "integrity": "sha1-CzpmK10Ewxd7GSa+qCsD+Dei70E="
    }
  }
}
